
Microsoft Visual Studio Solution File, Format Version 12.00
# Visual Studio Version 17
VisualStudioVersion = 17.14.36401.2
MinimumVisualStudioVersion = 10.0.40219.1
Project("{FAE04EC0-301F-11D3-BF4B-00C04F79EFBC}") = "UmbracoTestsComposition", "UmbracoTestsComposition\UmbracoTestsComposition.csproj", "{32033E82-A92B-43AC-AEA4-58FD230EAAC4}"
EndProject
Project("{FAE04EC0-301F-11D3-BF4B-00C04F79EFBC}") = "NUnitComposition.Tests", "NUnitComposition.Tests\NUnitComposition.Tests.csproj", "{AD0A2B21-3669-FFB5-C494-7DE4E700280C}"
EndProject
Project("{FAE04EC0-301F-11D3-BF4B-00C04F79EFBC}") = "NUnitComposition.Core", "NUnitComposition.Core\NUnitComposition.Core.csproj", "{FAC21EE1-DA69-4516-96B4-0FF6E1D4AD4B}"
EndProject
Project("{2150E333-8FDC-42A3-9474-1A3956D46DE8}") = "Docs", "Docs", "{02EA681E-C7D8-13C7-8484-4AC65E1B71E8}"
	ProjectSection(SolutionItems) = preProject
		README.md = README.md
	EndProjectSection
EndProject
Project("{FAE04EC0-301F-11D3-BF4B-00C04F79EFBC}") = "Umbraco.Community.Integration.Tests.Extensions", "Umbraco.Community.Integration.Tests.Extensions\Umbraco.Community.Integration.Tests.Extensions.csproj", "{8D3E2702-454F-4958-9BED-AAA3CE9D63D7}"
EndProject
Global
	GlobalSection(SolutionConfigurationPlatforms) = preSolution
		Debug|Any CPU = Debug|Any CPU
		Release|Any CPU = Release|Any CPU
	EndGlobalSection
	GlobalSection(ProjectConfigurationPlatforms) = postSolution
		{32033E82-A92B-43AC-AEA4-58FD230EAAC4}.Debug|Any CPU.ActiveCfg = Debug|Any CPU
		{32033E82-A92B-43AC-AEA4-58FD230EAAC4}.Debug|Any CPU.Build.0 = Debug|Any CPU
		{32033E82-A92B-43AC-AEA4-58FD230EAAC4}.Release|Any CPU.ActiveCfg = Release|Any CPU
		{32033E82-A92B-43AC-AEA4-58FD230EAAC4}.Release|Any CPU.Build.0 = Release|Any CPU
		{AD0A2B21-3669-FFB5-C494-7DE4E700280C}.Debug|Any CPU.ActiveCfg = Debug|Any CPU
		{AD0A2B21-3669-FFB5-C494-7DE4E700280C}.Release|Any CPU.ActiveCfg = Release|Any CPU
		{AD0A2B21-3669-FFB5-C494-7DE4E700280C}.Release|Any CPU.Build.0 = Release|Any CPU
		{FAC21EE1-DA69-4516-96B4-0FF6E1D4AD4B}.Debug|Any CPU.ActiveCfg = Debug|Any CPU
		{FAC21EE1-DA69-4516-96B4-0FF6E1D4AD4B}.Release|Any CPU.ActiveCfg = Release|Any CPU
		{FAC21EE1-DA69-4516-96B4-0FF6E1D4AD4B}.Release|Any CPU.Build.0 = Release|Any CPU
		{8D3E2702-454F-4958-9BED-AAA3CE9D63D7}.Debug|Any CPU.ActiveCfg = Debug|Any CPU
		{8D3E2702-454F-4958-9BED-AAA3CE9D63D7}.Debug|Any CPU.Build.0 = Debug|Any CPU
		{8D3E2702-454F-4958-9BED-AAA3CE9D63D7}.Release|Any CPU.ActiveCfg = Release|Any CPU
		{8D3E2702-454F-4958-9BED-AAA3CE9D63D7}.Release|Any CPU.Build.0 = Release|Any CPU
	EndGlobalSection
	GlobalSection(SolutionProperties) = preSolution
		HideSolutionNode = FALSE
	EndGlobalSection
	GlobalSection(ExtensibilityGlobals) = postSolution
		SolutionGuid = {697119B9-4726-4460-B811-D04C525BDF79}
	EndGlobalSection
EndGlobal
